{
  "name": "cms-demo",
  "version": "1.0.0",
  "lockfileVersion": 2,
  "requires": true,
  "packages": {
    "": {
      "version": "1.0.0",
      "license": "ISC",
      "dependencies": {
        "@ztree/ztree_v3": "^3.5.46"
      }
    },
    "node_modules/@ztree/ztree_v3": {
      "version": "3.5.46",
      "resolved": "https://registry.npmjs.org/@ztree/ztree_v3/-/ztree_v3-3.5.46.tgz",
      "integrity": "sha512-/W07Xj5YgBNtUdLD6q2kiE5u6Be5ZnrxALVx8h+GrujHwsGomBxO82EU4JQym7Rljy3tVm/QwwyLkthr1LRGuQ==",
      "dependencies": {
        "jquery": ">=1.4.4"
      },
      "engines": {
        "node": ">=0.10.0"
      }
    },
    "node_modules/jquery": {
      "version": "3.5.1",
      "resolved": "https://registry.npmjs.org/jquery/-/jquery-3.5.1.tgz",
      "integrity": "sha512-XwIBPqcMn57FxfT+Go5pzySnm4KWkT1Tv7gjrpT1srtf8Weynl6R273VJ5GjkRb51IzMp5nbaPjJXMWeju2MKg=="
    }
  },
  "dependencies": {
    "@ztree/ztree_v3": {
      "version": "3.5.46",
      "resolved": "https://registry.npmjs.org/@ztree/ztree_v3/-/ztree_v3-3.5.46.tgz",
      "integrity": "sha512-/W07Xj5YgBNtUdLD6q2kiE5u6Be5ZnrxALVx8h+GrujHwsGomBxO82EU4JQym7Rljy3tVm/QwwyLkthr1LRGuQ==",
      "requires": {
        "jquery": ">=1.4.4"
      }
    },
    "jquery": {
      "version": "3.5.1",
      "resolved": "https://registry.npmjs.org/jquery/-/jquery-3.5.1.tgz",
      "integrity": "sha512-XwIBPqcMn57FxfT+Go5pzySnm4KWkT1Tv7gjrpT1srtf8Weynl6R273VJ5GjkRb51IzMp5nbaPjJXMWeju2MKg=="
    }
  }
}
